// !$*UTF8*$!
{
	archiveVersion = 1;
	classes = {
	};
	objectVersion = 50;
	objects = {

/* Begin PBXBuildFile section */
		45CE02FA2498C75200C1A2FF /* AppDelegate.swift in Sources */ = {isa = PBXBuildFile; fileRef = 45CE02F92498C75200C1A2FF /* AppDelegate.swift */; };
		45CE02FC2498C75200C1A2FF /* SceneDelegate.swift in Sources */ = {isa = PBXBuildFile; fileRef = 45CE02FB2498C75200C1A2FF /* SceneDelegate.swift */; };
		45CE02FE2498C75200C1A2FF /* ViewController.swift in Sources */ = {isa = PBXBuildFile; fileRef = 45CE02FD2498C75200C1A2FF /* ViewController.swift */; };
		45CE03012498C75200C1A2FF /* Main.storyboard in Resources */ = {isa = PBXBuildFile; fileRef = 45CE02FF2498C75200C1A2FF /* Main.storyboard */; };
		45CE03042498C75200C1A2FF /* Calculator.xcdatamodeld in Sources */ = {isa = PBXBuildFile; fileRef = 45CE03022498C75200C1A2FF /* Calculator.xcdatamodeld */; };
		45CE03062498C78F00C1A2FF /* Assets.xcassets in Resources */ = {isa = PBXBuildFile; fileRef = 45CE03052498C78F00C1A2FF /* Assets.xcassets */; };
		45CE03092498C78F00C1A2FF /* LaunchScreen.storyboard in Resources */ = {isa = PBXBuildFile; fileRef = 45CE03072498C78F00C1A2FF /* LaunchScreen.storyboard */; };
		45CE03142498C79200C1A2FF /* CalculatorTests.swift in Sources */ = {isa = PBXBuildFile; fileRef = 45CE03132498C79200C1A2FF /* CalculatorTests.swift */; };
		45CE031F2498C79200C1A2FF /* CalculatorUITests.swift in Sources */ = {isa = PBXBuildFile; fileRef = 45CE031E2498C79200C1A2FF /* CalculatorUITests.swift */; };
/* End PBXBuildFile section */

/* Begin PBXContainerItemProxy section */
		45CE03102498C79200C1A2FF /* PBXContainerItemProxy */ = {
			isa = PBXContainerItemProxy;
			containerPortal = 45CE02EE2498C75100C1A2FF /* Project object */;
			proxyType = 1;
			remoteGlobalIDString = 45CE02F52498C75200C1A2FF;
			remoteInfo = Calculator;
		};
		45CE031B2498C79200C1A2FF /* PBXContainerItemProxy */ = {
			isa = PBXContainerItemProxy;
			containerPortal = 45CE02EE2498C75100C1A2FF /* Project object */;
			proxyType = 1;
			remoteGlobalIDString = 45CE02F52498C75200C1A2FF;
			remoteInfo = Calculator;
		};
/* End PBXContainerItemProxy section */

/* Begin PBXFileReference section */
		45CE02F62498C75200C1A2FF /* Calculator.app */ = {isa = PBXFileReference; explicitFileType = wrapper.application; includeInIndex = 0; path = Calculator.app; sourceTree = BUILT_PRODUCTS_DIR; };
		45CE02F92498C75200C1A2FF /* AppDelegate.swift */ = {isa = PBXFileReference; lastKnownFileType = sourcecode.swift; path = AppDelegate.swift; sourceTree = "<group>"; };
		45CE02FB2498C75200C1A2FF /* SceneDelegate.swift */ = {isa = PBXFileReference; lastKnownFileType = sourcecode.swift; path = SceneDelegate.swift; sourceTree = "<group>"; };
		45CE02FD2498C75200C1A2FF /* ViewController.swift */ = {isa = PBXFileReference; lastKnownFileType = sourcecode.swift; path = ViewController.swift; sourceTree = "<group>"; };
		45CE03002498C75200C1A2FF /* Base */ = {isa = PBXFileReference; lastKnownFileType = file.storyboard; name = Base; path = Base.lproj/Main.storyboard; sourceTree = "<group>"; };
		45CE03032498C75200C1A2FF /* Calculator.xcdatamodel */ = {isa = PBXFileReference; lastKnownFileType = wrapper.xcdatamodel; path = Calculator.xcdatamodel; sourceTree = "<group>"; };
		45CE03052498C78F00C1A2FF /* Assets.xcassets */ = {isa = PBXFileReference; lastKnownFileType = folder.assetcatalog; path = Assets.xcassets; sourceTree = "<group>"; };
		45CE03082498C78F00C1A2FF /* Base */ = {isa = PBXFileReference; lastKnownFileType = file.storyboard; name = Base; path = Base.lproj/LaunchScreen.storyboard; sourceTree = "<group>"; };
		45CE030A2498C79000C1A2FF /* Info.plist */ = {isa = PBXFileReference; lastKnownFileType = text.plist.xml; path = Info.plist; sourceTree = "<group>"; };
		45CE030F2498C79200C1A2FF /* CalculatorTests.xctest */ = {isa = PBXFileReference; explicitFileType = wrapper.cfbundle; includeInIndex = 0; path = CalculatorTests.xctest; sourceTree = BUILT_PRODUCTS_DIR; };
		45CE03132498C79200C1A2FF /* CalculatorTests.swift */ = {isa = PBXFileReference; lastKnownFileType = sourcecode.swift; path = CalculatorTests.swift; sourceTree = "<group>"; };
		45CE03152498C79200C1A2FF /* Info.plist */ = {isa = PBXFileReference; lastKnownFileType = text.plist.xml; path = Info.plist; sourceTree = "<group>"; };
		45CE031A2498C79200C1A2FF /* CalculatorUITests.xctest */ = {isa = PBXFileReference; explicitFileType = wrapper.cfbundle; includeInIndex = 0; path = CalculatorUITests.xctest; sourceTree = BUILT_PRODUCTS_DIR; };
		45CE031E2498C79200C1A2FF /* CalculatorUITests.swift */ = {isa = PBXFileReference; lastKnownFileType = sourcecode.swift; path = CalculatorUITests.swift; sourceTree = "<group>"; };
		45CE03202498C79200C1A2FF /* Info.plist */ = {isa = PBXFileReference; lastKnownFileType = text.plist.xml; path = Info.plist; sourceTree = "<group>"; };
/* End PBXFileReference section */

/* Begin PBXFrameworksBuildPhase section */
		45CE02F32498C75200C1A2FF /* Frameworks */ = {
			isa = PBXFrameworksBuildPhase;
			buildActionMask = 2147483647;
			files = (
			);
			runOnlyForDeploymentPostprocessing = 0;
		};
		45CE030C2498C79200C1A2FF /* Frameworks */ = {
			isa = PBXFrameworksBuildPhase;
			buildActionMask = 2147483647;
			files = (
			);
			runOnlyForDeploymentPostprocessing = 0;
		};
		45CE03172498C79200C1A2FF /* Frameworks */ = {
			isa = PBXFrameworksBuildPhase;
			buildActionMask = 2147483647;
			files = (
			);
			runOnlyForDeploymentPostprocessing = 0;
		};
/* End PBXFrameworksBuildPhase section */

/* Begin PBXGroup section */
		45CE02ED2498C75100C1A2FF = {
			isa = PBXGroup;
			children = (
				45CE02F82498C75200C1A2FF /* Calculator */,
				45CE03122498C79200C1A2FF /* CalculatorTests */,
				45CE031D2498C79200C1A2FF /* CalculatorUITests */,
				45CE02F72498C75200C1A2FF /* Products */,
			);
			sourceTree = "<group>";
		};
		45CE02F72498C75200C1A2FF /* Products */ = {
			isa = PBXGroup;
			children = (
				45CE02F62498C75200C1A2FF /* Calculator.app */,
				45CE030F2498C79200C1A2FF /* CalculatorTests.xctest */,
				45CE031A2498C79200C1A2FF /* CalculatorUITests.xctest */,
			);
			name = Products;
			sourceTree = "<group>";
		};
		45CE02F82498C75200C1A2FF /* Calculator */ = {
			isa = PBXGroup;
			children = (
				45CE02F92498C75200C1A2FF /* AppDelegate.swift */,
				45CE02FB2498C75200C1A2FF /* SceneDelegate.swift */,
				45CE02FD2498C75200C1A2FF /* ViewController.swift */,
				45CE02FF2498C75200C1A2FF /* Main.storyboard */,
				45CE03052498C78F00C1A2FF /* Assets.xcassets */,
				45CE03072498C78F00C1A2FF /* LaunchScreen.storyboard */,
				45CE030A2498C79000C1A2FF /* Info.plist */,
				45CE03022498C75200C1A2FF /* Calculator.xcdatamodeld */,
			);
			path = Calculator;
			sourceTree = "<group>";
		};
		45CE03122498C79200C1A2FF /* CalculatorTests */ = {
			isa = PBXGroup;
			children = (
				45CE03132498C79200C1A2FF /* CalculatorTests.swift */,
				45CE03152498C79200C1A2FF /* Info.plist */,
			);
			path = CalculatorTests;
			sourceTree = "<group>";
		};
		45CE031D2498C79200C1A2FF /* CalculatorUITests */ = {
			isa = PBXGroup;
			children = (
				45CE031E2498C79200C1A2FF /* CalculatorUITests.swift */,
				45CE03202498C79200C1A2FF /* Info.plist */,
			);
			path = CalculatorUITests;
			sourceTree = "<group>";
		};
/* End PBXGroup section */

/* Begin PBXNativeTarget section */
		45CE02F52498C75200C1A2FF /* Calculator */ = {
			isa = PBXNativeTarget;
			buildConfigurationList = 45CE03232498C79200C1A2FF /* Build configuration list for PBXNativeTarget "Calculator" */;
			buildPhases = (
				45CE02F22498C75200C1A2FF /* Sources */,
				45CE02F32498C75200C1A2FF /* Frameworks */,
				45CE02F42498C75200C1A2FF /* Resources */,
			);
			buildRules = (
			);
			dependencies = (
			);
			name = Calculator;
			productName = Calculator;
			productReference = 45CE02F62498C75200C1A2FF /* Calculator.app */;
			productType = "com.apple.product-type.application";
		};
		45CE030E2498C79200C1A2FF /* CalculatorTests */ = {
			isa = PBXNativeTarget;
			buildConfigurationList = 45CE03262498C79200C1A2FF /* Build configuration list for PBXNativeTarget "CalculatorTests" */;
			buildPhases = (
				45CE030B2498C79200C1A2FF /* Sources */,
				45CE030C2498C79200C1A2FF /* Frameworks */,
				45CE030D2498C79200C1A2FF /* Resources */,
			);
			buildRules = (
			);
			dependencies = (
				45CE03112498C79200C1A2FF /* PBXTargetDependency */,
			);
			name = CalculatorTests;
			productName = CalculatorTests;
			productReference = 45CE030F2498C79200C1A2FF /* CalculatorTests.xctest */;
			productType = "com.apple.product-type.bundle.unit-test";
		};
		45CE03192498C79200C1A2FF /* CalculatorUITests */ = {
			isa = PBXNativeTarget;
			buildConfigurationList = 45CE03292498C79200C1A2FF /* Build configuration list for PBXNativeTarget "CalculatorUITests" */;
			buildPhases = (
				45CE03162498C79200C1A2FF /* Sources */,
				45CE03172498C79200C1A2FF /* Frameworks */,
				45CE03182498C79200C1A2FF /* Resources */,
			);
			buildRules = (
			);
			dependencies = (
				45CE031C2498C79200C1A2FF /* PBXTargetDependency */,
			);
			name = CalculatorUITests;
			productName = CalculatorUITests;
			productReference = 45CE031A2498C79200C1A2FF /* CalculatorUITests.xctest */;
			productType = "com.apple.product-type.bundle.ui-testing";
		};
/* End PBXNativeTarget section */

/* Begin PBXProject section */
		45CE02EE2498C75100C1A2FF /* Project object */ = {
			isa = PBXProject;
			attributes = {
				LastSwiftUpdateCheck = 1140;
				LastUpgradeCheck = 1140;
				ORGANIZATIONNAME = RamprasathSelvam;
				TargetAttributes = {
					45CE02F52498C75200C1A2FF = {
						CreatedOnToolsVersion = 11.4.1;
					};
					45CE030E2498C79200C1A2FF = {
						CreatedOnToolsVersion = 11.4.1;
						TestTargetID = 45CE02F52498C75200C1A2FF;
					};
					45CE03192498C79200C1A2FF = {
						CreatedOnToolsVersion = 11.4.1;
						TestTargetID = 45CE02F52498C75200C1A2FF;
					};
				};
			};
			buildConfigurationList = 45CE02F12498C75100C1A2FF /* Build configuration list for PBXProject "Calculator" */;
			compatibilityVersion = "Xcode 9.3";
			developmentRegion = en;
			hasScannedForEncodings = 0;
			knownRegions = (
				en,
				Base,
			);
			mainGroup = 45CE02ED2498C75100C1A2FF;
			productRefGroup = 45CE02F72498C75200C1A2FF /* Products */;
			projectDirPath = "";
			projectRoot = "";
			targets = (
				45CE02F52498C75200C1A2FF /* Calculator */,
				45CE030E2498C79200C1A2FF /* CalculatorTests */,
				45CE03192498C79200C1A2FF /* CalculatorUITests */,
			);
		};
/* End PBXProject section */

/* Begin PBXResourcesBuildPhase section */
		45CE02F42498C75200C1A2FF /* Resources */ = {
			isa = PBXResourcesBuildPhase;
			buildActionMask = 2147483647;
			files = (
				45CE03092498C78F00C1A2FF /* LaunchScreen.storyboard in Resources */,
				45CE03062498C78F00C1A2FF /* Assets.xcassets in Resources */,
				45CE03012498C75200C1A2FF /* Main.storyboard in Resources */,
			);
			runOnlyForDeploymentPostprocessing = 0;
		};
		45CE030D2498C79200C1A2FF /* Resources */ = {
			isa = PBXResourcesBuildPhase;
			buildActionMask = 2147483647;
			files = (
			);
			runOnlyForDeploymentPostprocessing = 0;
		};
		45CE03182498C79200C1A2FF /* Resources */ = {
			isa = PBXResourcesBuildPhase;
			buildActionMask = 2147483647;
			files = (
			);
			runOnlyForDeploymentPostprocessing = 0;
		};
/* End PBXResourcesBuildPhase section */

/* Begin PBXSourcesBuildPhase section */
		45CE02F22498C75200C1A2FF /* Sources */ = {
			isa = PBXSourcesBuildPhase;
			buildActionMask = 2147483647;
			files = (
				45CE02FE2498C75200C1A2FF /* ViewController.swift in Sources */,
				45CE03042498C75200C1A2FF /* Calculator.xcdatamodeld in Sources */,
				45CE02FA2498C75200C1A2FF /* AppDelegate.swift in Sources */,
				45CE02FC2498C75200C1A2FF /* SceneDelegate.swift in Sources */,
			);
			runOnlyForDeploymentPostprocessing = 0;
		};
		45CE030B2498C79200C1A2FF /* Sources */ = {
			isa = PBXSourcesBuildPhase;
			buildActionMask = 2147483647;
			files = (
				45CE03142498C79200C1A2FF /* CalculatorTests.swift in Sources */,
			);
			runOnlyForDeploymentPostprocessing = 0;
		};
		45CE03162498C79200C1A2FF /* Sources */ = {
			isa = PBXSourcesBuildPhase;
			buildActionMask = 2147483647;
			files = (
				45CE031F2498C79200C1A2FF /* CalculatorUITests.swift in Sources */,
			);
			runOnlyForDeploymentPostprocessing = 0;
		};
/* End PBXSourcesBuildPhase section */

/* Begin PBXTargetDependency section */
		45CE03112498C79200C1A2FF /* PBXTargetDependency */ = {
			isa = PBXTargetDependency;
			target = 45CE02F52498C75200C1A2FF /* Calculator */;
			targetProxy = 45CE03102498C79200C1A2FF /* PBXContainerItemProxy */;
		};
		45CE031C2498C79200C1A2FF /* PBXTargetDependency */ = {
			isa = PBXTargetDependency;
			target = 45CE02F52498C75200C1A2FF /* Calculator */;
			targetProxy = 45CE031B2498C79200C1A2FF /* PBXContainerItemProxy */;
		};
/* End PBXTargetDependency section */

/* Begin PBXVariantGroup section */
		45CE02FF2498C75200C1A2FF /* Main.storyboard */ = {
			isa = PBXVariantGroup;
			children = (
				45CE03002498C75200C1A2FF /* Base */,
			);
			name = Main.storyboard;
			sourceTree = "<group>";
		};
		45CE03072498C78F00C1A2FF /* LaunchScreen.storyboard */ = {
			isa = PBXVariantGroup;
			children = (
				45CE03082498C78F00C1A2FF /* Base */,
			);
			name = LaunchScreen.storyboard;
			sourceTree = "<group>";
		};
/* End PBXVariantGroup section */

/* Begin XCBuildConfiguration section */
		45CE03212498C79200C1A2FF /* Debug */ = {
			isa = XCBuildConfiguration;
			buildSettings = {
				ALWAYS_SEARCH_USER_PATHS = NO;
				CLANG_ANALYZER_NONNULL = YES;
				CLANG_ANALYZER_NUMBER_OBJECT_CONVERSION = YES_AGGRESSIVE;
				CLANG_CXX_LANGUAGE_STANDARD = "gnu++14";
				CLANG_CXX_LIBRARY = "libc++";
				CLANG_ENABLE_MODULES = YES;
				CLANG_ENABLE_OBJC_ARC = YES;
				CLANG_ENABLE_OBJC_WEAK = YES;
				CLANG_WARN_BLOCK_CAPTURE_AUTORELEASING = YES;
				CLANG_WARN_BOOL_CONVERSION = YES;
				CLANG_WARN_COMMA = YES;
				CLANG_WARN_CONSTANT_CONVERSION = YES;
				CLANG_WARN_DEPRECATED_OBJC_IMPLEMENTATIONS = YES;
				CLANG_WARN_DIRECT_OBJC_ISA_USAGE = YES_ERROR;
				CLANG_WARN_DOCUMENTATION_COMMENTS = YES;
				CLANG_WARN_EMPTY_BODY = YES;
				CLANG_WARN_ENUM_CONVERSION = YES;
				CLANG_WARN_INFINITE_RECURSION = YES;
				CLANG_WARN_INT_CONVERSION = YES;
				CLANG_WARN_NON_LITERAL_NULL_CONVERSION = YES;
				CLANG_WARN_OBJC_IMPLICIT_RETAIN_SELF = YES;
				CLANG_WARN_OBJC_LITERAL_CONVERSION = YES;
				CLANG_WARN_OBJC_ROOT_CLASS = YES_ERROR;
				CLANG_WARN_RANGE_LOOP_ANALYSIS = YES;
				CLANG_WARN_STRICT_PROTOTYPES = YES;
				CLANG_WARN_SUSPICIOUS_MOVE = YES;
				CLANG_WARN_UNGUARDED_AVAILABILITY = YES_AGGRESSIVE;
				CLANG_WARN_UNREACHABLE_CODE = YES;
				CLANG_WARN__DUPLICATE_METHOD_MATCH = YES;
				COPY_PHASE_STRIP = NO;
				DEBUG_INFORMATION_FORMAT = dwarf;
				ENABLE_STRICT_OBJC_MSGSEND = YES;
				ENABLE_TESTABILITY = YES;
				GCC_C_LANGUAGE_STANDARD = gnu11;
				GCC_DYNAMIC_NO_PIC = NO;
				GCC_NO_COMMON_BLOCKS = YES;
				GCC_OPTIMIZATION_LEVEL = 0;
				GCC_PREPROCESSOR_DEFINITIONS = (
					"DEBUG=1",
					"$(inherited)",
				);
				GCC_WARN_64_TO_32_BIT_CONVERSION = YES;
				GCC_WARN_ABOUT_RETURN_TYPE = YES_ERROR;
				GCC_WARN_UNDECLARED_SELECTOR = YES;
				GCC_WARN_UNINITIALIZED_AUTOS = YES_AGGRESSIVE;
				GCC_WARN_UNUSED_FUNCTION = YES;
				GCC_WARN_UNUSED_VARIABLE = YES;
				IPHONEOS_DEPLOYMENT_TARGET = 13.4;
				MTL_ENABLE_DEBUG_INFO = INCLUDE_SOURCE;
				MTL_FAST_MATH = YES;
				ONLY_ACTIVE_ARCH = YES;
				SDKROOT = iphoneos;
				SWIFT_ACTIVE_COMPILATION_CONDITIONS = DEBUG;
				SWIFT_OPTIMIZATION_LEVEL = "-Onone";
			};
			name = Debug;
		};
		45CE03222498C79200C1A2FF /* Release */ = {
			isa = XCBuildConfiguration;
			buildSettings = {
				ALWAYS_SEARCH_USER_PATHS = NO;
				CLANG_ANALYZER_NONNULL = YES;
				CLANG_ANALYZER_NUMBER_OBJECT_CONVERSION = YES_AGGRESSIVE;
				CLANG_CXX_LANGUAGE_STANDARD = "gnu++14";
				CLANG_CXX_LIBRARY = "libc++";
				CLANG_ENABLE_MODULES = YES;
				CLANG_ENABLE_OBJC_ARC = YES;
				CLANG_ENABLE_OBJC_WEAK = YES;
				CLANG_WARN_BLOCK_CAPTURE_AUTORELEASING = YES;
				CLANG_WARN_BOOL_CONVERSION = YES;
				CLANG_WARN_COMMA = YES;
				CLANG_WARN_CONSTANT_CONVERSION = YES;
				CLANG_WARN_DEPRECATED_OBJC_IMPLEMENTATIONS = YES;
				CLANG_WARN_DIRECT_OBJC_ISA_USAGE = YES_ERROR;
				CLANG_WARN_DOCUMENTATION_COMMENTS = YES;
				CLANG_WARN_EMPTY_BODY = YES;
				CLANG_WARN_ENUM_CONVERSION = YES;
				CLANG_WARN_INFINITE_RECURSION = YES;
				CLANG_WARN_INT_CONVERSION = YES;
				CLANG_WARN_NON_LITERAL_NULL_CONVERSION = YES;
				CLANG_WARN_OBJC_IMPLICIT_RETAIN_SELF = YES;
				CLANG_WARN_OBJC_LITERAL_CONVERSION = YES;
				CLANG_WARN_OBJC_ROOT_CLASS = YES_ERROR;
				CLANG_WARN_RANGE_LOOP_ANALYSIS = YES;
				CLANG_WARN_STRICT_PROTOTYPES = YES;
				CLANG_WARN_SUSPICIOUS_MOVE = YES;
				CLANG_WARN_UNGUARDED_AVAILABILITY = YES_AGGRESSIVE;
				CLANG_WARN_UNREACHABLE_CODE = YES;
				CLANG_WARN__DUPLICATE_METHOD_MATCH = YES;
				COPY_PHASE_STRIP = NO;
				DEBUG_INFORMATION_FORMAT = "dwarf-with-dsym";
				ENABLE_NS_ASSERTIONS = NO;
				ENABLE_STRICT_OBJC_MSGSEND = YES;
				GCC_C_LANGUAGE_STANDARD = gnu11;
				GCC_NO_COMMON_BLOCKS = YES;
				GCC_WARN_64_TO_32_BIT_CONVERSION = YES;
				GCC_WARN_ABOUT_RETURN_TYPE = YES_ERROR;
				GCC_WARN_UNDECLARED_SELECTOR = YES;
				GCC_WARN_UNINITIALIZED_AUTOS = YES_AGGRESSIVE;
				GCC_WARN_UNUSED_FUNCTION = YES;
				GCC_WARN_UNUSED_VARIABLE = YES;
				IPHONEOS_DEPLOYMENT_TARGET = 13.4;
				MTL_ENABLE_DEBUG_INFO = NO;
				MTL_FAST_MATH = YES;
				SDKROOT = iphoneos;
				SWIFT_COMPILATION_MODE = wholemodule;
				SWIFT_OPTIMIZATION_LEVEL = "-O";
				VALIDATE_PRODUCT = YES;
			};
			name = Release;
		};
		45CE03242498C79200C1A2FF /* Debug */ = {
			isa = XCBuildConfiguration;
			buildSettings = {
				ASSETCATALOG_COMPILER_APPICON_NAME = AppIcon;
				CODE_SIGN_STYLE = Automatic;
				DEVELOPMENT_TEAM = 5HXD835SDF;
				INFOPLIST_FILE = Calculator/Info.plist;
				LD_RUNPATH_SEARCH_PATHS = (
					"$(inherited)",
					"@executable_path/Frameworks",
				);
				PRODUCT_BUNDLE_IDENTIFIER = com.RamprasathSelvam.Calculator;
				PRODUCT_NAME = "$(TARGET_NAME)";
				SWIFT_VERSION = 5.0;
				TARGETED_DEVICE_FAMILY = "1,2";
			};
			name = Debug;
		};
		45CE03252498C79200C1A2FF /* Release */ = {
			isa = XCBuildConfiguration;
			buildSettings = {
				ASSETCATALOG_COMPILER_APPICON_NAME = AppIcon;
				CODE_SIGN_STYLE = Automatic;
				DEVELOPMENT_TEAM = 5HXD835SDF;
				INFOPLIST_FILE = Calculator/Info.plist;
				LD_RUNPATH_SEARCH_PATHS = (
					"$(inherited)",
					"@executable_path/Frameworks",
				);
				PRODUCT_BUNDLE_IDENTIFIER = com.RamprasathSelvam.Calculator;
				PRODUCT_NAME = "$(TARGET_NAME)";
				SWIFT_VERSION = 5.0;
				TARGETED_DEVICE_FAMILY = "1,2";
			};
			name = Release;
		};
		45CE03272498C79200C1A2FF /* Debug */ = {
			isa = XCBuildConfiguration;
			buildSettings = {
				ALWAYS_EMBED_SWIFT_STANDARD_LIBRARIES = YES;
				BUNDLE_LOADER = "$(TEST_HOST)";
				CODE_SIGN_STYLE = Automatic;
				DEVELOPMENT_TEAM = 5HXD835SDF;
				INFOPLIST_FILE = CalculatorTests/Info.plist;
				IPHONEOS_DEPLOYMENT_TARGET = 13.4;
				LD_RUNPATH_SEARCH_PATHS = (
					"$(inherited)",
					"@executable_path/Frameworks",
					"@loader_path/Frameworks",
				);
				PRODUCT_BUNDLE_IDENTIFIER = com.RamprasathSelvam.CalculatorTests;
				PRODUCT_NAME = "$(TARGET_NAME)";
				SWIFT_VERSION = 5.0;
				TARGETED_DEVICE_FAMILY = "1,2";
				TEST_HOST = "$(BUILT_PRODUCTS_DIR)/Calculator.app/Calculator";
			};
			name = Debug;
		};
		45CE03282498C79200C1A2FF /* Release */ = {
			isa = XCBuildConfiguration;
			buildSettings = {
				ALWAYS_EMBED_SWIFT_STANDARD_LIBRARIES = YES;
				BUNDLE_LOADER = "$(TEST_HOST)";
				CODE_SIGN_STYLE = Automatic;
				DEVELOPMENT_TEAM = 5HXD835SDF;
				INFOPLIST_FILE = CalculatorTests/Info.plist;
				IPHONEOS_DEPLOYMENT_TARGET = 13.4;
				LD_RUNPATH_SEARCH_PATHS = (
					"$(inherited)",
					"@executable_path/Frameworks",
					"@loader_path/Frameworks",
				);
				PRODUCT_BUNDLE_IDENTIFIER = com.RamprasathSelvam.CalculatorTests;
				PRODUCT_NAME = "$(TARGET_NAME)";
				SWIFT_VERSION = 5.0;
				TARGETED_DEVICE_FAMILY = "1,2";
				TEST_HOST = "$(BUILT_PRODUCTS_DIR)/Calculator.app/Calculator";
			};
			name = Release;
		};
		45CE032A2498C79200C1A2FF /* Debug */ = {
			isa = XCBuildConfiguration;
			buildSettings = {
				ALWAYS_EMBED_SWIFT_STANDARD_LIBRARIES = YES;
				CODE_SIGN_STYLE = Automatic;
				DEVELOPMENT_TEAM = 5HXD835SDF;
				INFOPLIST_FILE = CalculatorUITests/Info.plist;
				LD_RUNPATH_SEARCH_PATHS = (
					"$(inherited)",
					"@executable_path/Frameworks",
					"@loader_path/Frameworks",
				);
				PRODUCT_BUNDLE_IDENTIFIER = com.RamprasathSelvam.CalculatorUITests;
				PRODUCT_NAME = "$(TARGET_NAME)";
				SWIFT_VERSION = 5.0;
				TARGETED_DEVICE_FAMILY = "1,2";
				TEST_TARGET_NAME = Calculator;
			};
			name = Debug;
		};
		45CE032B2498C79200C1A2FF /* Release */ = {
			isa = XCBuildConfiguration;
			buildSettings = {
				ALWAYS_EMBED_SWIFT_STANDARD_LIBRARIES = YES;
				CODE_SIGN_STYLE = Automatic;
				DEVELOPMENT_TEAM = 5HXD835SDF;
				INFOPLIST_FILE = CalculatorUITests/Info.plist;
				LD_RUNPATH_SEARCH_PATHS = (
					"$(inherited)",
					"@executable_path/Frameworks",
					"@loader_path/Frameworks",
				);
				PRODUCT_BUNDLE_IDENTIFIER = com.RamprasathSelvam.CalculatorUITests;
				PRODUCT_NAME = "$(TARGET_NAME)";
				SWIFT_VERSION = 5.0;
				TARGETED_DEVICE_FAMILY = "1,2";
				TEST_TARGET_NAME = Calculator;
			};
			name = Release;
		};
/* End XCBuildConfiguration section */

/* Begin XCConfigurationList section */
		45CE02F12498C75100C1A2FF /* Build configuration list for PBXProject "Calculator" */ = {
			isa = XCConfigurationList;
			buildConfigurations = (
				45CE03212498C79200C1A2FF /* Debug */,
				45CE03222498C79200C1A2FF /* Release */,
			);
			defaultConfigurationIsVisible = 0;
			defaultConfigurationName = Release;
		};
		45CE03232498C79200C1A2FF /* Build configuration list for PBXNativeTarget "Calculator" */ = {
			isa = XCConfigurationList;
			buildConfigurations = (
				45CE03242498C79200C1A2FF /* Debug */,
				45CE03252498C79200C1A2FF /* Release */,
			);
			defaultConfigurationIsVisible = 0;
			defaultConfigurationName = Release;
		};
		45CE03262498C79200C1A2FF /* Build configuration list for PBXNativeTarget "CalculatorTests" */ = {
			isa = XCConfigurationList;
			buildConfigurations = (
				45CE03272498C79200C1A2FF /* Debug */,
				45CE03282498C79200C1A2FF /* Release */,
			);
			defaultConfigurationIsVisible = 0;
			defaultConfigurationName = Release;
		};
		45CE03292498C79200C1A2FF /* Build configuration list for PBXNativeTarget "CalculatorUITests" */ = {
			isa = XCConfigurationList;
			buildConfigurations = (
				45CE032A2498C79200C1A2FF /* Debug */,
				45CE032B2498C79200C1A2FF /* Release */,
			);
			defaultConfigurationIsVisible = 0;
			defaultConfigurationName = Release;
		};
/* End XCConfigurationList section */

/* Begin XCVersionGroup section */
		45CE03022498C75200C1A2FF /* Calculator.xcdatamodeld */ = {
			isa = XCVersionGroup;
			children = (
				45CE03032498C75200C1A2FF /* Calculator.xcdatamodel */,
			);
			currentVersion = 45CE03032498C75200C1A2FF /* Calculator.xcdatamodel */;
			path = Calculator.xcdatamodeld;
			sourceTree = "<group>";
			versionGroupType = wrapper.xcdatamodel;
		};
/* End XCVersionGroup section */
	};
	rootObject = 45CE02EE2498C75100C1A2FF /* Project object */;
}
